
Microsoft Visual Studio Solution File, Format Version 12.00
# Visual Studio Version 17
VisualStudioVersion = 17.4.33205.214
MinimumVisualStudioVersion = 10.0.40219.1
Project("{FAE04EC0-301F-11D3-BF4B-00C04F79EFBC}") = "Nullable, Delegate, Exceptions Homework", "Nullable, Delegate, Exceptions Homework\Nullable, Delegate, Exceptions Homework.csproj", "{98FD367A-0B0D-4671-A41D-BCFB4549C4B9}"
EndProject
Global
	GlobalSection(SolutionConfigurationPlatforms) = preSolution
		Debug|Any CPU = Debug|Any CPU
		Release|Any CPU = Release|Any CPU
	EndGlobalSection
	GlobalSection(ProjectConfigurationPlatforms) = postSolution
		{98FD367A-0B0D-4671-A41D-BCFB4549C4B9}.Debug|Any CPU.ActiveCfg = Debug|Any CPU
		{98FD367A-0B0D-4671-A41D-BCFB4549C4B9}.Debug|Any CPU.Build.0 = Debug|Any CPU
		{98FD367A-0B0D-4671-A41D-BCFB4549C4B9}.Release|Any CPU.ActiveCfg = Release|Any CPU
		{98FD367A-0B0D-4671-A41D-BCFB4549C4B9}.Release|Any CPU.Build.0 = Release|Any CPU
	EndGlobalSection
	GlobalSection(SolutionProperties) = preSolution
		HideSolutionNode = FALSE
	EndGlobalSection
	GlobalSection(ExtensibilityGlobals) = postSolution
		SolutionGuid = {5E3DF22E-5864-452C-A7CF-6AAB25A82476}
	EndGlobalSection
EndGlobal
